
Microsoft Visual Studio Solution File, Format Version 12.00
# Visual Studio Version 17
VisualStudioVersion = 17.2.32630.192
MinimumVisualStudioVersion = 10.0.40219.1
Project("{9A19103F-16F7-4668-BE54-9A1E7A4F7556}") = "UniversalisSharp", "UniversalisSharp\UniversalisSharp.csproj", "{0BB446F5-E90E-46B7-8FEC-4D687B8BAB60}"
EndProject
Project("{9A19103F-16F7-4668-BE54-9A1E7A4F7556}") = "Example", "Example\Example.csproj", "{46D734B1-C368-497D-8AF1-BC5F19AA85DE}"
EndProject
Project("{FAE04EC0-301F-11D3-BF4B-00C04F79EFBC}") = "UniversalisSharp.Test", "UniversalisSharp.Test\UniversalisSharp.Test.csproj", "{3C450304-434B-4774-843D-F639721B00F5}"
EndProject
Global
	GlobalSection(SolutionConfigurationPlatforms) = preSolution
		Debug|Any CPU = Debug|Any CPU
		Release|Any CPU = Release|Any CPU
	EndGlobalSection
	GlobalSection(ProjectConfigurationPlatforms) = postSolution
		{0BB446F5-E90E-46B7-8FEC-4D687B8BAB60}.Debug|Any CPU.ActiveCfg = Debug|Any CPU
		{0BB446F5-E90E-46B7-8FEC-4D687B8BAB60}.Debug|Any CPU.Build.0 = Debug|Any CPU
		{0BB446F5-E90E-46B7-8FEC-4D687B8BAB60}.Release|Any CPU.ActiveCfg = Release|Any CPU
		{0BB446F5-E90E-46B7-8FEC-4D687B8BAB60}.Release|Any CPU.Build.0 = Release|Any CPU
		{46D734B1-C368-497D-8AF1-BC5F19AA85DE}.Debug|Any CPU.ActiveCfg = Debug|Any CPU
		{46D734B1-C368-497D-8AF1-BC5F19AA85DE}.Debug|Any CPU.Build.0 = Debug|Any CPU
		{46D734B1-C368-497D-8AF1-BC5F19AA85DE}.Release|Any CPU.ActiveCfg = Release|Any CPU
		{46D734B1-C368-497D-8AF1-BC5F19AA85DE}.Release|Any CPU.Build.0 = Release|Any CPU
		{3C450304-434B-4774-843D-F639721B00F5}.Debug|Any CPU.ActiveCfg = Debug|Any CPU
		{3C450304-434B-4774-843D-F639721B00F5}.Debug|Any CPU.Build.0 = Debug|Any CPU
		{3C450304-434B-4774-843D-F639721B00F5}.Release|Any CPU.ActiveCfg = Release|Any CPU
		{3C450304-434B-4774-843D-F639721B00F5}.Release|Any CPU.Build.0 = Release|Any CPU
	EndGlobalSection
	GlobalSection(SolutionProperties) = preSolution
		HideSolutionNode = FALSE
	EndGlobalSection
	GlobalSection(ExtensibilityGlobals) = postSolution
		SolutionGuid = {F8BFC972-B47E-4CC1-983B-9DC860828A35}
	EndGlobalSection
EndGlobal
